
Microsoft Visual Studio Solution File, Format Version 12.00
# Visual Studio Version 16
VisualStudioVersion = 16.0.31205.134
MinimumVisualStudioVersion = 10.0.40219.1
Project("{2150E333-8FDC-42A3-9474-1A3956D46DE8}") = "Shareds", "Shareds", "{DA013A77-BAE2-41B2-B755-8E6C1920C0D8}"
EndProject
Project("{2150E333-8FDC-42A3-9474-1A3956D46DE8}") = "Services", "Services", "{1DC64E17-DDBB-45EE-BE5F-314067949742}"
EndProject
Project("{2150E333-8FDC-42A3-9474-1A3956D46DE8}") = "Owner", "Owner", "{EB5E378D-1E82-4FA1-BA51-96A6ED442CB0}"
EndProject
Project("{FAE04EC0-301F-11D3-BF4B-00C04F79EFBC}") = "DiscoverAirline.Owner.API", "Services\Owner\DiscoverAirline.Owner.API\DiscoverAirline.Owner.API.csproj", "{D6FABA1C-B9E1-4CFF-BF53-6764564E9E44}"
EndProject
Project("{2150E333-8FDC-42A3-9474-1A3956D46DE8}") = "Driver", "Driver", "{BDC454C1-02C4-451F-B0CA-AAB55ACECF05}"
EndProject
Project("{FAE04EC0-301F-11D3-BF4B-00C04F79EFBC}") = "DiscoverAirline.Driver.API", "Services\Driver\DiscoverAirline.Driver.API\DiscoverAirline.Driver.API.csproj", "{CBB70266-EF08-4094-9463-93E06D68796C}"
EndProject
Project("{2150E333-8FDC-42A3-9474-1A3956D46DE8}") = "Passenger", "Passenger", "{CA874515-AA0F-48DA-A494-391D25624502}"
EndProject
Project("{FAE04EC0-301F-11D3-BF4B-00C04F79EFBC}") = "DiscoverAirline.Passenger.API", "Services\Passenger\DiscoverAirline.Passenger.API\DiscoverAirline.Passenger.API.csproj", "{9DD7BF25-56F0-42D2-9E2B-C6575C152C76}"
EndProject
Project("{2150E333-8FDC-42A3-9474-1A3956D46DE8}") = "Trip", "Trip", "{7D296721-5551-4D09-8B95-825B32D6BC3C}"
EndProject
Project("{FAE04EC0-301F-11D3-BF4B-00C04F79EFBC}") = "DiscoverAirline.Trip.API", "Services\Trip\DiscoverAirline.Trip.API\DiscoverAirline.Trip.API.csproj", "{E9FD189C-B2BF-4FBB-82D5-0BD7BE85DB14}"
EndProject
Project("{2150E333-8FDC-42A3-9474-1A3956D46DE8}") = "Payment", "Payment", "{E28429C6-47C6-467F-9C6C-DAF8F37BBE78}"
EndProject
Project("{FAE04EC0-301F-11D3-BF4B-00C04F79EFBC}") = "DiscoverAirline.Payment.API", "Services\Payment\DiscoverAirline.Payment.API\DiscoverAirline.Payment.API.csproj", "{95A313BE-4293-44C4-B590-7D77ED62AD9C}"
EndProject
Project("{2150E333-8FDC-42A3-9474-1A3956D46DE8}") = "Benefits", "Benefits", "{F1849A4C-297E-40BD-9E80-891103109928}"
EndProject
Project("{FAE04EC0-301F-11D3-BF4B-00C04F79EFBC}") = "DiscoverAirline.Benefits.API", "Services\Benefits\DiscoverAirline.Benefits.API\DiscoverAirline.Benefits.API.csproj", "{FF72E06E-6C55-48BB-8683-6959A9A064BD}"
EndProject
Project("{2150E333-8FDC-42A3-9474-1A3956D46DE8}") = "Communication", "Communication", "{380557BC-7BFF-46E3-AE47-047BA8D83034}"
EndProject
Project("{FAE04EC0-301F-11D3-BF4B-00C04F79EFBC}") = "DiscoverAirline.Communication.App", "Services\Communication\DiscoverAirline.Communication.App\DiscoverAirline.Communication.App.csproj", "{7A7F9E46-F58C-410F-9E6A-CBCD6571EFA6}"
EndProject
Project("{2150E333-8FDC-42A3-9474-1A3956D46DE8}") = "Notification", "Notification", "{A463E27C-0096-450A-9E4B-2217A241EAC6}"
EndProject
Project("{FAE04EC0-301F-11D3-BF4B-00C04F79EFBC}") = "DiscoverAirline.Notification.App", "Services\Notification\DiscoverAirline.Notification.App\DiscoverAirline.Notification.App.csproj", "{0BA45CAE-7762-4EB8-893C-9C7EFB6EFAB9}"
EndProject
Project("{2150E333-8FDC-42A3-9474-1A3956D46DE8}") = "Backup", "Backup", "{A4E5DFFB-08D3-4BAC-92E0-8B9011110700}"
EndProject
Project("{FAE04EC0-301F-11D3-BF4B-00C04F79EFBC}") = "DiscoverAirline.Backup.App", "Services\Backup\DiscoverAirline.Backup.App\DiscoverAirline.Backup.App.csproj", "{C8314CAD-0767-4AC3-AD83-21159F681006}"
EndProject
Project("{2150E333-8FDC-42A3-9474-1A3956D46DE8}") = "Report", "Report", "{FA85DB01-882A-4336-A545-7ACFE84ADDBE}"
EndProject
Project("{FAE04EC0-301F-11D3-BF4B-00C04F79EFBC}") = "DiscoverAirline.Report.App", "Services\Report\DiscoverAirline.Report.App\DiscoverAirline.Report.App.csproj", "{92F4663D-35BC-4E5E-A519-A8324EAD29CC}"
EndProject
Project("{FAE04EC0-301F-11D3-BF4B-00C04F79EFBC}") = "DiscoverAirline.Core", "Shareds\DiscoverAirline.Core\DiscoverAirline.Core.csproj", "{698905BB-E803-492A-A961-4FBD3B35046F}"
EndProject
Project("{FAE04EC0-301F-11D3-BF4B-00C04F79EFBC}") = "DiscoverAirline.CoreAPI", "Shareds\DiscoverAirline.CoreAPI\DiscoverAirline.CoreAPI.csproj", "{F677C3E2-E350-47CF-8916-8199FEDA5958}"
EndProject
Project("{FAE04EC0-301F-11D3-BF4B-00C04F79EFBC}") = "DiscoverAirline.CoreBroker", "Shareds\DiscoverAirline.CoreBroker\DiscoverAirline.CoreBroker.csproj", "{931DB10D-BD05-4B9F-A944-907E0BD68914}"
EndProject
Project("{2150E333-8FDC-42A3-9474-1A3956D46DE8}") = "Security", "Security", "{2B2FA8BD-FFF6-4BE7-89FE-8F6DBEBF8323}"
EndProject
Project("{FAE04EC0-301F-11D3-BF4B-00C04F79EFBC}") = "DiscoverAirline.Identity.API", "Security\DiscoverAirline.Identity.API\DiscoverAirline.Identity.API.csproj", "{396C1FFB-2D33-448E-B9BF-89B6EB5706F8}"
EndProject
Global
	GlobalSection(SolutionConfigurationPlatforms) = preSolution
		Debug|Any CPU = Debug|Any CPU
		Release|Any CPU = Release|Any CPU
	EndGlobalSection
	GlobalSection(ProjectConfigurationPlatforms) = postSolution
		{D6FABA1C-B9E1-4CFF-BF53-6764564E9E44}.Debug|Any CPU.ActiveCfg = Debug|Any CPU
		{D6FABA1C-B9E1-4CFF-BF53-6764564E9E44}.Debug|Any CPU.Build.0 = Debug|Any CPU
		{D6FABA1C-B9E1-4CFF-BF53-6764564E9E44}.Release|Any CPU.ActiveCfg = Release|Any CPU
		{D6FABA1C-B9E1-4CFF-BF53-6764564E9E44}.Release|Any CPU.Build.0 = Release|Any CPU
		{CBB70266-EF08-4094-9463-93E06D68796C}.Debug|Any CPU.ActiveCfg = Debug|Any CPU
		{CBB70266-EF08-4094-9463-93E06D68796C}.Debug|Any CPU.Build.0 = Debug|Any CPU
		{CBB70266-EF08-4094-9463-93E06D68796C}.Release|Any CPU.ActiveCfg = Release|Any CPU
		{CBB70266-EF08-4094-9463-93E06D68796C}.Release|Any CPU.Build.0 = Release|Any CPU
		{9DD7BF25-56F0-42D2-9E2B-C6575C152C76}.Debug|Any CPU.ActiveCfg = Debug|Any CPU
		{9DD7BF25-56F0-42D2-9E2B-C6575C152C76}.Debug|Any CPU.Build.0 = Debug|Any CPU
		{9DD7BF25-56F0-42D2-9E2B-C6575C152C76}.Release|Any CPU.ActiveCfg = Release|Any CPU
		{9DD7BF25-56F0-42D2-9E2B-C6575C152C76}.Release|Any CPU.Build.0 = Release|Any CPU
		{E9FD189C-B2BF-4FBB-82D5-0BD7BE85DB14}.Debug|Any CPU.ActiveCfg = Debug|Any CPU
		{E9FD189C-B2BF-4FBB-82D5-0BD7BE85DB14}.Debug|Any CPU.Build.0 = Debug|Any CPU
		{E9FD189C-B2BF-4FBB-82D5-0BD7BE85DB14}.Release|Any CPU.ActiveCfg = Release|Any CPU
		{E9FD189C-B2BF-4FBB-82D5-0BD7BE85DB14}.Release|Any CPU.Build.0 = Release|Any CPU
		{95A313BE-4293-44C4-B590-7D77ED62AD9C}.Debug|Any CPU.ActiveCfg = Debug|Any CPU
		{95A313BE-4293-44C4-B590-7D77ED62AD9C}.Debug|Any CPU.Build.0 = Debug|Any CPU
		{95A313BE-4293-44C4-B590-7D77ED62AD9C}.Release|Any CPU.ActiveCfg = Release|Any CPU
		{95A313BE-4293-44C4-B590-7D77ED62AD9C}.Release|Any CPU.Build.0 = Release|Any CPU
		{FF72E06E-6C55-48BB-8683-6959A9A064BD}.Debug|Any CPU.ActiveCfg = Debug|Any CPU
		{FF72E06E-6C55-48BB-8683-6959A9A064BD}.Debug|Any CPU.Build.0 = Debug|Any CPU
		{FF72E06E-6C55-48BB-8683-6959A9A064BD}.Release|Any CPU.ActiveCfg = Release|Any CPU
		{FF72E06E-6C55-48BB-8683-6959A9A064BD}.Release|Any CPU.Build.0 = Release|Any CPU
		{7A7F9E46-F58C-410F-9E6A-CBCD6571EFA6}.Debug|Any CPU.ActiveCfg = Debug|Any CPU
		{7A7F9E46-F58C-410F-9E6A-CBCD6571EFA6}.Debug|Any CPU.Build.0 = Debug|Any CPU
		{7A7F9E46-F58C-410F-9E6A-CBCD6571EFA6}.Release|Any CPU.ActiveCfg = Release|Any CPU
		{7A7F9E46-F58C-410F-9E6A-CBCD6571EFA6}.Release|Any CPU.Build.0 = Release|Any CPU
		{0BA45CAE-7762-4EB8-893C-9C7EFB6EFAB9}.Debug|Any CPU.ActiveCfg = Debug|Any CPU
		{0BA45CAE-7762-4EB8-893C-9C7EFB6EFAB9}.Debug|Any CPU.Build.0 = Debug|Any CPU
		{0BA45CAE-7762-4EB8-893C-9C7EFB6EFAB9}.Release|Any CPU.ActiveCfg = Release|Any CPU
		{0BA45CAE-7762-4EB8-893C-9C7EFB6EFAB9}.Release|Any CPU.Build.0 = Release|Any CPU
		{C8314CAD-0767-4AC3-AD83-21159F681006}.Debug|Any CPU.ActiveCfg = Debug|Any CPU
		{C8314CAD-0767-4AC3-AD83-21159F681006}.Debug|Any CPU.Build.0 = Debug|Any CPU
		{C8314CAD-0767-4AC3-AD83-21159F681006}.Release|Any CPU.ActiveCfg = Release|Any CPU
		{C8314CAD-0767-4AC3-AD83-21159F681006}.Release|Any CPU.Build.0 = Release|Any CPU
		{92F4663D-35BC-4E5E-A519-A8324EAD29CC}.Debug|Any CPU.ActiveCfg = Debug|Any CPU
		{92F4663D-35BC-4E5E-A519-A8324EAD29CC}.Debug|Any CPU.Build.0 = Debug|Any CPU
		{92F4663D-35BC-4E5E-A519-A8324EAD29CC}.Release|Any CPU.ActiveCfg = Release|Any CPU
		{92F4663D-35BC-4E5E-A519-A8324EAD29CC}.Release|Any CPU.Build.0 = Release|Any CPU
		{698905BB-E803-492A-A961-4FBD3B35046F}.Debug|Any CPU.ActiveCfg = Debug|Any CPU
		{698905BB-E803-492A-A961-4FBD3B35046F}.Debug|Any CPU.Build.0 = Debug|Any CPU
		{698905BB-E803-492A-A961-4FBD3B35046F}.Release|Any CPU.ActiveCfg = Release|Any CPU
		{698905BB-E803-492A-A961-4FBD3B35046F}.Release|Any CPU.Build.0 = Release|Any CPU
		{F677C3E2-E350-47CF-8916-8199FEDA5958}.Debug|Any CPU.ActiveCfg = Debug|Any CPU
		{F677C3E2-E350-47CF-8916-8199FEDA5958}.Debug|Any CPU.Build.0 = Debug|Any CPU
		{F677C3E2-E350-47CF-8916-8199FEDA5958}.Release|Any CPU.ActiveCfg = Release|Any CPU
		{F677C3E2-E350-47CF-8916-8199FEDA5958}.Release|Any CPU.Build.0 = Release|Any CPU
		{931DB10D-BD05-4B9F-A944-907E0BD68914}.Debug|Any CPU.ActiveCfg = Debug|Any CPU
		{931DB10D-BD05-4B9F-A944-907E0BD68914}.Debug|Any CPU.Build.0 = Debug|Any CPU
		{931DB10D-BD05-4B9F-A944-907E0BD68914}.Release|Any CPU.ActiveCfg = Release|Any CPU
		{931DB10D-BD05-4B9F-A944-907E0BD68914}.Release|Any CPU.Build.0 = Release|Any CPU
		{396C1FFB-2D33-448E-B9BF-89B6EB5706F8}.Debug|Any CPU.ActiveCfg = Debug|Any CPU
		{396C1FFB-2D33-448E-B9BF-89B6EB5706F8}.Debug|Any CPU.Build.0 = Debug|Any CPU
		{396C1FFB-2D33-448E-B9BF-89B6EB5706F8}.Release|Any CPU.ActiveCfg = Release|Any CPU
		{396C1FFB-2D33-448E-B9BF-89B6EB5706F8}.Release|Any CPU.Build.0 = Release|Any CPU
	EndGlobalSection
	GlobalSection(SolutionProperties) = preSolution
		HideSolutionNode = FALSE
	EndGlobalSection
	GlobalSection(NestedProjects) = preSolution
		{EB5E378D-1E82-4FA1-BA51-96A6ED442CB0} = {1DC64E17-DDBB-45EE-BE5F-314067949742}
		{D6FABA1C-B9E1-4CFF-BF53-6764564E9E44} = {EB5E378D-1E82-4FA1-BA51-96A6ED442CB0}
		{BDC454C1-02C4-451F-B0CA-AAB55ACECF05} = {1DC64E17-DDBB-45EE-BE5F-314067949742}
		{CBB70266-EF08-4094-9463-93E06D68796C} = {BDC454C1-02C4-451F-B0CA-AAB55ACECF05}
		{CA874515-AA0F-48DA-A494-391D25624502} = {1DC64E17-DDBB-45EE-BE5F-314067949742}
		{9DD7BF25-56F0-42D2-9E2B-C6575C152C76} = {CA874515-AA0F-48DA-A494-391D25624502}
		{7D296721-5551-4D09-8B95-825B32D6BC3C} = {1DC64E17-DDBB-45EE-BE5F-314067949742}
		{E9FD189C-B2BF-4FBB-82D5-0BD7BE85DB14} = {7D296721-5551-4D09-8B95-825B32D6BC3C}
		{E28429C6-47C6-467F-9C6C-DAF8F37BBE78} = {1DC64E17-DDBB-45EE-BE5F-314067949742}
		{95A313BE-4293-44C4-B590-7D77ED62AD9C} = {E28429C6-47C6-467F-9C6C-DAF8F37BBE78}
		{F1849A4C-297E-40BD-9E80-891103109928} = {1DC64E17-DDBB-45EE-BE5F-314067949742}
		{FF72E06E-6C55-48BB-8683-6959A9A064BD} = {F1849A4C-297E-40BD-9E80-891103109928}
		{380557BC-7BFF-46E3-AE47-047BA8D83034} = {1DC64E17-DDBB-45EE-BE5F-314067949742}
		{7A7F9E46-F58C-410F-9E6A-CBCD6571EFA6} = {380557BC-7BFF-46E3-AE47-047BA8D83034}
		{A463E27C-0096-450A-9E4B-2217A241EAC6} = {1DC64E17-DDBB-45EE-BE5F-314067949742}
		{0BA45CAE-7762-4EB8-893C-9C7EFB6EFAB9} = {A463E27C-0096-450A-9E4B-2217A241EAC6}
		{A4E5DFFB-08D3-4BAC-92E0-8B9011110700} = {1DC64E17-DDBB-45EE-BE5F-314067949742}
		{C8314CAD-0767-4AC3-AD83-21159F681006} = {A4E5DFFB-08D3-4BAC-92E0-8B9011110700}
		{FA85DB01-882A-4336-A545-7ACFE84ADDBE} = {1DC64E17-DDBB-45EE-BE5F-314067949742}
		{92F4663D-35BC-4E5E-A519-A8324EAD29CC} = {FA85DB01-882A-4336-A545-7ACFE84ADDBE}
		{698905BB-E803-492A-A961-4FBD3B35046F} = {DA013A77-BAE2-41B2-B755-8E6C1920C0D8}
		{F677C3E2-E350-47CF-8916-8199FEDA5958} = {DA013A77-BAE2-41B2-B755-8E6C1920C0D8}
		{931DB10D-BD05-4B9F-A944-907E0BD68914} = {DA013A77-BAE2-41B2-B755-8E6C1920C0D8}
		{396C1FFB-2D33-448E-B9BF-89B6EB5706F8} = {2B2FA8BD-FFF6-4BE7-89FE-8F6DBEBF8323}
	EndGlobalSection
	GlobalSection(ExtensibilityGlobals) = postSolution
		SolutionGuid = {38E09ECD-3D8B-4730-9EDA-2C4B2912D50A}
	EndGlobalSection
EndGlobal
